
Microsoft Visual Studio Solution File, Format Version 12.00
# Visual Studio Version 16
VisualStudioVersion = 16.0.32602.291
MinimumVisualStudioVersion = 10.0.40219.1
Project("{FAE04EC0-301F-11D3-BF4B-00C04F79EFBC}") = "TecnoShopOtomasyonu", "TecnoShopOtomasyonu\TecnoShopOtomasyonu.csproj", "{89F7FB1A-14DD-49EC-B07B-DC3775232CCD}"
EndProject
Project("{FAE04EC0-301F-11D3-BF4B-00C04F79EFBC}") = "Entity", "Entity\Entity.csproj", "{0CADD7A1-B471-4B10-A120-378D959076AD}"
EndProject
Project("{FAE04EC0-301F-11D3-BF4B-00C04F79EFBC}") = "Facade", "Facade\Facade.csproj", "{03429D10-F376-4280-A56F-F8B50EBE50A0}"
EndProject
Global
	GlobalSection(SolutionConfigurationPlatforms) = preSolution
		Debug|Any CPU = Debug|Any CPU
		Release|Any CPU = Release|Any CPU
	EndGlobalSection
	GlobalSection(ProjectConfigurationPlatforms) = postSolution
		{89F7FB1A-14DD-49EC-B07B-DC3775232CCD}.Debug|Any CPU.ActiveCfg = Debug|Any CPU
		{89F7FB1A-14DD-49EC-B07B-DC3775232CCD}.Debug|Any CPU.Build.0 = Debug|Any CPU
		{89F7FB1A-14DD-49EC-B07B-DC3775232CCD}.Release|Any CPU.ActiveCfg = Release|Any CPU
		{89F7FB1A-14DD-49EC-B07B-DC3775232CCD}.Release|Any CPU.Build.0 = Release|Any CPU
		{0CADD7A1-B471-4B10-A120-378D959076AD}.Debug|Any CPU.ActiveCfg = Debug|Any CPU
		{0CADD7A1-B471-4B10-A120-378D959076AD}.Debug|Any CPU.Build.0 = Debug|Any CPU
		{0CADD7A1-B471-4B10-A120-378D959076AD}.Release|Any CPU.ActiveCfg = Release|Any CPU
		{0CADD7A1-B471-4B10-A120-378D959076AD}.Release|Any CPU.Build.0 = Release|Any CPU
		{03429D10-F376-4280-A56F-F8B50EBE50A0}.Debug|Any CPU.ActiveCfg = Debug|Any CPU
		{03429D10-F376-4280-A56F-F8B50EBE50A0}.Debug|Any CPU.Build.0 = Debug|Any CPU
		{03429D10-F376-4280-A56F-F8B50EBE50A0}.Release|Any CPU.ActiveCfg = Release|Any CPU
		{03429D10-F376-4280-A56F-F8B50EBE50A0}.Release|Any CPU.Build.0 = Release|Any CPU
	EndGlobalSection
	GlobalSection(SolutionProperties) = preSolution
		HideSolutionNode = FALSE
	EndGlobalSection
	GlobalSection(ExtensibilityGlobals) = postSolution
		SolutionGuid = {CAF2318F-B2B8-4580-A4AB-759A6D9E44CA}
	EndGlobalSection
EndGlobal
